
Microsoft Visual Studio Solution File, Format Version 12.00
# Visual Studio Version 17
VisualStudioVersion = 17.11.35327.3
MinimumVisualStudioVersion = 10.0.40219.1
Project("{FAE04EC0-301F-11D3-BF4B-00C04F79EFBC}") = "AdvancedBMIApp", "AdvancedBMIApp\AdvancedBMIApp.csproj", "{C6E673D3-7D64-4CDA-AB9B-88381E421634}"
EndProject
Global
	GlobalSection(SolutionConfigurationPlatforms) = preSolution
		Debug|Any CPU = Debug|Any CPU
		Release|Any CPU = Release|Any CPU
	EndGlobalSection
	GlobalSection(ProjectConfigurationPlatforms) = postSolution
		{C6E673D3-7D64-4CDA-AB9B-88381E421634}.Debug|Any CPU.ActiveCfg = Debug|Any CPU
		{C6E673D3-7D64-4CDA-AB9B-88381E421634}.Debug|Any CPU.Build.0 = Debug|Any CPU
		{C6E673D3-7D64-4CDA-AB9B-88381E421634}.Release|Any CPU.ActiveCfg = Release|Any CPU
		{C6E673D3-7D64-4CDA-AB9B-88381E421634}.Release|Any CPU.Build.0 = Release|Any CPU
	EndGlobalSection
	GlobalSection(SolutionProperties) = preSolution
		HideSolutionNode = FALSE
	EndGlobalSection
	GlobalSection(ExtensibilityGlobals) = postSolution
		SolutionGuid = {B5D3D91E-F99E-4C7B-B354-9BD4392A9717}
	EndGlobalSection
EndGlobal
